
Microsoft Visual Studio Solution File, Format Version 11.00
# Visual Studio 2010
Project("{FAE04EC0-301F-11D3-BF4B-00C04F79EFBC}") = "Assembly-CSharp", "Assembly-CSharp.csproj", "{70F20E48-4823-044C-D4CF-DADD3B610C94}"
EndProject
Project("{FAE04EC0-301F-11D3-BF4B-00C04F79EFBC}") = "Assembly-CSharp-firstpass", "Assembly-CSharp-firstpass.csproj", "{2CED2497-9B58-125C-D3B9-942EB41A6C6D}"
EndProject
Project("{FAE04EC0-301F-11D3-BF4B-00C04F79EFBC}") = "Assembly-CSharp-Editor", "Assembly-CSharp-Editor.csproj", "{8DBDF4EB-F293-CF39-CA6F-7365048004DF}"
EndProject
Project("{FAE04EC0-301F-11D3-BF4B-00C04F79EFBC}") = "Assembly-CSharp-Editor-firstpass", "Assembly-CSharp-Editor-firstpass.csproj", "{AF5314D8-352A-43E4-75C4-EBA10AF52876}"
EndProject
Global
	GlobalSection(SolutionConfigurationPlatforms) = preSolution
		Debug|Any CPU = Debug|Any CPU
		Release|Any CPU = Release|Any CPU
	EndGlobalSection
	GlobalSection(ProjectConfigurationPlatforms) = postSolution
		{70F20E48-4823-044C-D4CF-DADD3B610C94}.Debug|Any CPU.ActiveCfg = Debug|Any CPU
		{70F20E48-4823-044C-D4CF-DADD3B610C94}.Debug|Any CPU.Build.0 = Debug|Any CPU
		{70F20E48-4823-044C-D4CF-DADD3B610C94}.Release|Any CPU.ActiveCfg = Release|Any CPU
		{70F20E48-4823-044C-D4CF-DADD3B610C94}.Release|Any CPU.Build.0 = Release|Any CPU
		{2CED2497-9B58-125C-D3B9-942EB41A6C6D}.Debug|Any CPU.ActiveCfg = Debug|Any CPU
		{2CED2497-9B58-125C-D3B9-942EB41A6C6D}.Debug|Any CPU.Build.0 = Debug|Any CPU
		{2CED2497-9B58-125C-D3B9-942EB41A6C6D}.Release|Any CPU.ActiveCfg = Release|Any CPU
		{2CED2497-9B58-125C-D3B9-942EB41A6C6D}.Release|Any CPU.Build.0 = Release|Any CPU
		{8DBDF4EB-F293-CF39-CA6F-7365048004DF}.Debug|Any CPU.ActiveCfg = Debug|Any CPU
		{8DBDF4EB-F293-CF39-CA6F-7365048004DF}.Debug|Any CPU.Build.0 = Debug|Any CPU
		{8DBDF4EB-F293-CF39-CA6F-7365048004DF}.Release|Any CPU.ActiveCfg = Release|Any CPU
		{8DBDF4EB-F293-CF39-CA6F-7365048004DF}.Release|Any CPU.Build.0 = Release|Any CPU
		{AF5314D8-352A-43E4-75C4-EBA10AF52876}.Debug|Any CPU.ActiveCfg = Debug|Any CPU
		{AF5314D8-352A-43E4-75C4-EBA10AF52876}.Debug|Any CPU.Build.0 = Debug|Any CPU
		{AF5314D8-352A-43E4-75C4-EBA10AF52876}.Release|Any CPU.ActiveCfg = Release|Any CPU
		{AF5314D8-352A-43E4-75C4-EBA10AF52876}.Release|Any CPU.Build.0 = Release|Any CPU
	EndGlobalSection
	GlobalSection(SolutionProperties) = preSolution
		HideSolutionNode = FALSE
	EndGlobalSection
EndGlobal
